// !$*UTF8*$!
{
	archiveVersion = 1;
	classes = {
	};
	objectVersion = 46;
	objects = {
/* Begin PBXBuildFile section */
		0207DA581B56EA530066E2B4 /* Images.xcassets in Resources */ = {isa = PBXBuildFile; fileRef = 0207DA571B56EA530066E2B4 /* Images.xcassets */; };
		0459E183864C4DA7BCC8960E /* CoreLocation.framework in Frameworks */ = {isa = PBXBuildFile; fileRef = D6113D07403844709E64E9CB /* CoreLocation.framework */; };
		1D3623260D0F684500981E51 /* AppDelegate.m in Sources */ = {isa = PBXBuildFile; fileRef = 1D3623250D0F684500981E51 /* AppDelegate.m */; };
		1D60589B0D05DD56006BFB54 /* main.m in Sources */ = {isa = PBXBuildFile; fileRef = 29B97316FDCFA39411CA2CEA /* main.m */; };
		220366EB1265405BAB87C67D /* ImageIO.framework in Frameworks */ = {isa = PBXBuildFile; fileRef = 9C375E30476A4976B6EA9EFC /* ImageIO.framework */; settings = {ATTRIBUTES = (Weak, ); }; };
		2288F469A8644AF6A1D106FB /* CDVJpegHeaderWriter.m in Sources */ = {isa = PBXBuildFile; fileRef = BD263879E46C4679BD3B745D /* CDVJpegHeaderWriter.m */; };
		236E77E7120A4B30ACA0F695 /* CDVDevice.m in Sources */ = {isa = PBXBuildFile; fileRef = C8097FAB1A6947818D775EEC /* CDVDevice.m */; };
		301BF552109A68D80062928A /* libCordova.a in Frameworks */ = {isa = PBXBuildFile; fileRef = 301BF535109A57CC0062928A /* libCordova.a */; };
		302D95F114D2391D003F00A1 /* MainViewController.m in Sources */ = {isa = PBXBuildFile; fileRef = 302D95EF14D2391D003F00A1 /* MainViewController.m */; };
		302D95F214D2391D003F00A1 /* MainViewController.xib in Resources */ = {isa = PBXBuildFile; fileRef = 302D95F014D2391D003F00A1 /* MainViewController.xib */; };
		3047A5121AB8059700498E2A /* build-debug.xcconfig in Resources */ = {isa = PBXBuildFile; fileRef = 3047A50F1AB8059700498E2A /* build-debug.xcconfig */; };
		3047A5131AB8059700498E2A /* build-release.xcconfig in Resources */ = {isa = PBXBuildFile; fileRef = 3047A5101AB8059700498E2A /* build-release.xcconfig */; };
		3047A5141AB8059700498E2A /* build.xcconfig in Resources */ = {isa = PBXBuildFile; fileRef = 3047A5111AB8059700498E2A /* build.xcconfig */; };
		32BACF199287405FB0A60A5F /* CDVLocation.m in Sources */ = {isa = PBXBuildFile; fileRef = 5F949B4939BF47F0A2FBE588 /* CDVLocation.m */; };
		391CCE19F6984D23BBEE2A07 /* CDVCompass.m in Sources */ = {isa = PBXBuildFile; fileRef = 6BEBA3870D864A959E0A554A /* CDVCompass.m */; };
		3D161F5235344E5B9D58FBC5 /* UIImage+CropScaleOrientation.m in Sources */ = {isa = PBXBuildFile; fileRef = 146C26D44583420C956E5D12 /* UIImage+CropScaleOrientation.m */; };
		8477B4CC27A247169917C827 /* CDVNotification.bundle in Resources */ = {isa = PBXBuildFile; fileRef = C88968CF1D7D41FB89BD0126 /* CDVNotification.bundle */; };
		84E9E50E37B44398863C428A /* CoreMotion.framework in Frameworks */ = {isa = PBXBuildFile; fileRef = D36A57BD840340F1AD434026 /* CoreMotion.framework */; };
		9CDEFE3FC0844674A28E2E83 /* CDVAccelerometer.m in Sources */ = {isa = PBXBuildFile; fileRef = 148AD007F16A48F18AC87DE3 /* CDVAccelerometer.m */; };
		BE08EA5FB4BF44DEB35F2656 /* CDVAssetLibraryFilesystem.m in Sources */ = {isa = PBXBuildFile; fileRef = C7D7B330ACE64FE4B43B5EEF /* CDVAssetLibraryFilesystem.m */; };
		C1F06DBE49644777B65D6DAF /* AudioToolbox.framework in Frameworks */ = {isa = PBXBuildFile; fileRef = E3DCB2F0FBD542E58688A3C8 /* AudioToolbox.framework */; settings = {ATTRIBUTES = (Weak, ); }; };
		C65248896BDA46058A790379 /* AVFoundation.framework in Frameworks */ = {isa = PBXBuildFile; fileRef = 59B86F07F0234B12B59374D8 /* AVFoundation.framework */; };
		CF40FFBECA1148E2BB858D6E /* CDVLocalFilesystem.m in Sources */ = {isa = PBXBuildFile; fileRef = D2E5233E29114591AC74CB37 /* CDVLocalFilesystem.m */; };
		E39295A93E4F4CDC81BC3AFE /* CDVNotification.m in Sources */ = {isa = PBXBuildFile; fileRef = 384D0F42CE5146BC931BDA1B /* CDVNotification.m */; };
		F7149DF71F974FAB822E2603 /* CDVCamera.m in Sources */ = {isa = PBXBuildFile; fileRef = 10062A15E7364C85905EE17B /* CDVCamera.m */; };
		FE36153ECD3A4CCA9AC1B15A /* CDVFile.m in Sources */ = {isa = PBXBuildFile; fileRef = 11AE1D2446B44D7781C35AEF /* CDVFile.m */; };
		2D77B87F9CC0402D9DAB4881 /* CDVGlobalization.m in Sources */ = {isa = PBXBuildFile; fileRef = D7D82E7F3E554186BADA96CA /* CDVGlobalization.m */; };
		077A7A377FEF4FC68303599F /* CDVSound.m in Sources */ = {isa = PBXBuildFile; fileRef = 9D42F42A1A91484B9D1B32AD /* CDVSound.m */; };
		D482634F8DFA49CEA4387FA4 /* CDVCapture.m in Sources */ = {isa = PBXBuildFile; fileRef = 1552A2E61601413F9BD7E956 /* CDVCapture.m */; };
		30BA22710EDB4CA6A814DA5F /* CDVCapture.bundle in Resources */ = {isa = PBXBuildFile; fileRef = A45A0E4A697944E88574ABB7 /* CDVCapture.bundle */; };
		6ED367616B424D5CB6EF5F7E /* CDVConnection.m in Sources */ = {isa = PBXBuildFile; fileRef = F26721B82AB4442880E45FE9 /* CDVConnection.m */; };
		E7AA96B6024A4E64BE880D94 /* CDVReachability.m in Sources */ = {isa = PBXBuildFile; fileRef = 1CD98C8091424EEFA76F2104 /* CDVReachability.m */; };
		164076FB9F2A41C8A75A49D4 /* SystemConfiguration.framework in Frameworks */ = {isa = PBXBuildFile; fileRef = C9A4B1D6E6574DEFB4C120E6 /* SystemConfiguration.framework */; settings = {ATTRIBUTES = (Weak, ); }; };
		840A7BBA78CD4084949D8300 /* CoreTelephony.framework in Frameworks */ = {isa = PBXBuildFile; fileRef = 0D72E8ED105B47E789232EC2 /* CoreTelephony.framework */; };
		30B089813EA84E14839A5897 /* YoikScreenOrientation.m in Sources */ = {isa = PBXBuildFile; fileRef = 18F83CF4F6CF496EB6C08679 /* YoikScreenOrientation.m */; };
		26C6C1C1739440A2921752B5 /* CDVViewController+UpdateSupportedOrientations.m in Sources */ = {isa = PBXBuildFile; fileRef = DF53E0BECCD1473A9031A7E6 /* CDVViewController+UpdateSupportedOrientations.m */; };
		116B6F0847C342B3A0C3A54A /* CDVVibration.m in Sources */ = {isa = PBXBuildFile; fileRef = 549C14B4A9D64443A99CD012 /* CDVVibration.m */; };
		FF8935937D42493AA42133E1 /* Toast+UIView.m in Sources */ = {isa = PBXBuildFile; fileRef = 29C3CE7CE62A4DD7989E4B86 /* Toast+UIView.m */; };
		8E6B3DA75131411C9A1BB132 /* Toast.m in Sources */ = {isa = PBXBuildFile; fileRef = 30E932483AE544EBB114A943 /* Toast.m */; };
		B94311D3A390475691C7A97F /* QuartzCore.framework in Frameworks */ = {isa = PBXBuildFile; fileRef = B07665882BD642C2A0E044ED /* QuartzCore.framework */; };
		B3E6243541EA424AACAD158A /* Diagnostic.m in Sources */ = {isa = PBXBuildFile; fileRef = ACD5ADE153B74172A244B1CD /* Diagnostic.m */; };
		9E678E2E9DAF4E73AA75228D /* CoreBluetooth.framework in Frameworks */ = {isa = PBXBuildFile; fileRef = 223D82C01DF045F4985302D5 /* CoreBluetooth.framework */; };
		F64EFB50B2D14882B19AF25A /* Photos.framework in Frameworks */ = {isa = PBXBuildFile; fileRef = 46D873AE618A441096F6E1E3 /* Photos.framework */; };
		A88F732EF6F344998B9B97B0 /* AddressBook.framework in Frameworks */ = {isa = PBXBuildFile; fileRef = 7C59F698FC86440FA97239FA /* AddressBook.framework */; };
		37E25D262C614031B8E157C2 /* EventKit.framework in Frameworks */ = {isa = PBXBuildFile; fileRef = 14069DEBD21E4ECAAAD7B1A3 /* EventKit.framework */; };
		B310E98DB2484DB49F53EC5B /* IonicKeyboard.m in Sources */ = {isa = PBXBuildFile; fileRef = 8D35182D10CF491AB903A8CC /* IonicKeyboard.m */; };
		0B7AF55BE43649B9A9BDF33C /* Insomnia.m in Sources */ = {isa = PBXBuildFile; fileRef = AED873B19B244A23B48EAC27 /* Insomnia.m */; };
/* End PBXBuildFile section */

/* Begin PBXContainerItemProxy section */
		301BF534109A57CC0062928A /* PBXContainerItemProxy */ = {
			isa = PBXContainerItemProxy;
			containerPortal = 301BF52D109A57CC0062928A /* CordovaLib.xcodeproj */;
			proxyType = 2;
			remoteGlobalIDString = D2AAC07E0554694100DB518D;
			remoteInfo = CordovaLib;
		};
		301BF550109A68C00062928A /* PBXContainerItemProxy */ = {
			isa = PBXContainerItemProxy;
			containerPortal = 301BF52D109A57CC0062928A /* CordovaLib.xcodeproj */;
			proxyType = 1;
			remoteGlobalIDString = D2AAC07D0554694100DB518D;
			remoteInfo = CordovaLib;
		};
/* End PBXContainerItemProxy section */

/* Begin PBXFileReference section */
		0207DA571B56EA530066E2B4 /* Images.xcassets */ = {isa = PBXFileReference; lastKnownFileType = folder.assetcatalog; name = Images.xcassets; path = PluginTest/Images.xcassets; sourceTree = SOURCE_ROOT; };
		10062A15E7364C85905EE17B /* CDVCamera.m */ = {isa = PBXFileReference; explicitFileType = undefined; fileEncoding = 4; includeInIndex = 0; lastKnownFileType = sourcecode.c.objc; name = CDVCamera.m; path = "cordova-plugin-camera/CDVCamera.m"; sourceTree = "<group>"; };
		11AE1D2446B44D7781C35AEF /* CDVFile.m */ = {isa = PBXFileReference; explicitFileType = undefined; fileEncoding = 4; includeInIndex = 0; lastKnownFileType = sourcecode.c.objc; name = CDVFile.m; path = "cordova-plugin-file/CDVFile.m"; sourceTree = "<group>"; };
		146C26D44583420C956E5D12 /* UIImage+CropScaleOrientation.m */ = {isa = PBXFileReference; explicitFileType = undefined; fileEncoding = 4; includeInIndex = 0; lastKnownFileType = sourcecode.c.objc; name = "UIImage+CropScaleOrientation.m"; path = "cordova-plugin-camera/UIImage+CropScaleOrientation.m"; sourceTree = "<group>"; };
		148AD007F16A48F18AC87DE3 /* CDVAccelerometer.m */ = {isa = PBXFileReference; explicitFileType = undefined; fileEncoding = 4; includeInIndex = 0; lastKnownFileType = sourcecode.c.objc; name = CDVAccelerometer.m; path = "cordova-plugin-device-motion/CDVAccelerometer.m"; sourceTree = "<group>"; };
		1D3623240D0F684500981E51 /* AppDelegate.h */ = {isa = PBXFileReference; fileEncoding = 4; lastKnownFileType = sourcecode.c.h; path = AppDelegate.h; sourceTree = "<group>"; };
		1D3623250D0F684500981E51 /* AppDelegate.m */ = {isa = PBXFileReference; fileEncoding = 4; lastKnownFileType = sourcecode.c.objc; path = AppDelegate.m; sourceTree = "<group>"; };
		1D6058910D05DD3D006BFB54 /* PluginTest.app */ = {isa = PBXFileReference; explicitFileType = wrapper.application; includeInIndex = 0; path = PluginTest.app; sourceTree = BUILT_PRODUCTS_DIR; };
		29B97316FDCFA39411CA2CEA /* main.m */ = {isa = PBXFileReference; fileEncoding = 4; lastKnownFileType = sourcecode.c.objc; path = main.m; sourceTree = "<group>"; };
		301BF52D109A57CC0062928A /* CordovaLib.xcodeproj */ = {isa = PBXFileReference; lastKnownFileType = "wrapper.pb-project"; name = CordovaLib.xcodeproj; path = CordovaLib/CordovaLib.xcodeproj; sourceTree = "<group>"; };
		301BF56E109A69640062928A /* www */ = {isa = PBXFileReference; lastKnownFileType = folder; path = www; sourceTree = SOURCE_ROOT; };
		302D95EE14D2391D003F00A1 /* MainViewController.h */ = {isa = PBXFileReference; fileEncoding = 4; lastKnownFileType = sourcecode.c.h; path = MainViewController.h; sourceTree = "<group>"; };
		302D95EF14D2391D003F00A1 /* MainViewController.m */ = {isa = PBXFileReference; fileEncoding = 4; lastKnownFileType = sourcecode.c.objc; path = MainViewController.m; sourceTree = "<group>"; };
		302D95F014D2391D003F00A1 /* MainViewController.xib */ = {isa = PBXFileReference; fileEncoding = 4; lastKnownFileType = file.xib; path = MainViewController.xib; sourceTree = "<group>"; };
		3047A50F1AB8059700498E2A /* build-debug.xcconfig */ = {isa = PBXFileReference; fileEncoding = 4; lastKnownFileType = text.xcconfig; name = "build-debug.xcconfig"; path = "cordova/build-debug.xcconfig"; sourceTree = SOURCE_ROOT; };
		3047A5101AB8059700498E2A /* build-release.xcconfig */ = {isa = PBXFileReference; fileEncoding = 4; lastKnownFileType = text.xcconfig; name = "build-release.xcconfig"; path = "cordova/build-release.xcconfig"; sourceTree = SOURCE_ROOT; };
		3047A5111AB8059700498E2A /* build.xcconfig */ = {isa = PBXFileReference; fileEncoding = 4; lastKnownFileType = text.xcconfig; name = build.xcconfig; path = cordova/build.xcconfig; sourceTree = SOURCE_ROOT; };
		32CA4F630368D1EE00C91783 /* PluginTest-Prefix.pch */ = {isa = PBXFileReference; fileEncoding = 4; lastKnownFileType = sourcecode.c.h; path = "PluginTest-Prefix.pch"; sourceTree = "<group>"; };
		384D0F42CE5146BC931BDA1B /* CDVNotification.m */ = {isa = PBXFileReference; explicitFileType = undefined; fileEncoding = 4; includeInIndex = 0; lastKnownFileType = sourcecode.c.objc; name = CDVNotification.m; path = "cordova-plugin-dialogs/CDVNotification.m"; sourceTree = "<group>"; };
		59B86F07F0234B12B59374D8 /* AVFoundation.framework */ = {isa = PBXFileReference; explicitFileType = undefined; fileEncoding = 9; includeInIndex = 0; lastKnownFileType = wrapper.framework; name = AVFoundation.framework; path = System/Library/Frameworks/AVFoundation.framework; sourceTree = SDKROOT; };
		5F949B4939BF47F0A2FBE588 /* CDVLocation.m */ = {isa = PBXFileReference; explicitFileType = undefined; fileEncoding = 4; includeInIndex = 0; lastKnownFileType = sourcecode.c.objc; name = CDVLocation.m; path = "cordova-plugin-geolocation/CDVLocation.m"; sourceTree = "<group>"; };
		6035F42C130249ABA602F62C /* CDVCamera.h */ = {isa = PBXFileReference; explicitFileType = undefined; fileEncoding = 4; includeInIndex = 0; lastKnownFileType = sourcecode.c.h; name = CDVCamera.h; path = "cordova-plugin-camera/CDVCamera.h"; sourceTree = "<group>"; };
		6BEBA3870D864A959E0A554A /* CDVCompass.m */ = {isa = PBXFileReference; explicitFileType = undefined; fileEncoding = 4; includeInIndex = 0; lastKnownFileType = sourcecode.c.objc; name = CDVCompass.m; path = "cordova-plugin-device-orientation/CDVCompass.m"; sourceTree = "<group>"; };
		759D02AD8472492EBFF50E27 /* CDVLocalFilesystem.h */ = {isa = PBXFileReference; explicitFileType = undefined; fileEncoding = 4; includeInIndex = 0; lastKnownFileType = sourcecode.c.h; name = CDVLocalFilesystem.h; path = "cordova-plugin-file/CDVLocalFilesystem.h"; sourceTree = "<group>"; };
		81553A69ECC14B8FA9F3FC65 /* CDVDevice.h */ = {isa = PBXFileReference; explicitFileType = undefined; fileEncoding = 4; includeInIndex = 0; lastKnownFileType = sourcecode.c.h; name = CDVDevice.h; path = "cordova-plugin-device/CDVDevice.h"; sourceTree = "<group>"; };
		844B2D7B0CDC4E4A923CA797 /* CDVJpegHeaderWriter.h */ = {isa = PBXFileReference; explicitFileType = undefined; fileEncoding = 4; includeInIndex = 0; lastKnownFileType = sourcecode.c.h; name = CDVJpegHeaderWriter.h; path = "cordova-plugin-camera/CDVJpegHeaderWriter.h"; sourceTree = "<group>"; };
		8D1107310486CEB800E47090 /* PluginTest-Info.plist */ = {isa = PBXFileReference; fileEncoding = 4; lastKnownFileType = text.plist.xml; name = "PluginTest-Info.plist"; path = "PluginTest/PluginTest-Info.plist"; plistStructureDefinitionIdentifier = "com.apple.xcode.plist.structure-definition.iphone.info-plist"; sourceTree = SOURCE_ROOT; };
		9B5DBEBEA72B41DC929A82EA /* CDVNotification.h */ = {isa = PBXFileReference; explicitFileType = undefined; fileEncoding = 4; includeInIndex = 0; lastKnownFileType = sourcecode.c.h; name = CDVNotification.h; path = "cordova-plugin-dialogs/CDVNotification.h"; sourceTree = "<group>"; };
		9C375E30476A4976B6EA9EFC /* ImageIO.framework */ = {isa = PBXFileReference; explicitFileType = undefined; fileEncoding = 9; includeInIndex = 0; lastKnownFileType = wrapper.framework; name = ImageIO.framework; path = System/Library/Frameworks/ImageIO.framework; sourceTree = SDKROOT; };
		A14684FDE467415BB68A017F /* CDVFile.h */ = {isa = PBXFileReference; explicitFileType = undefined; fileEncoding = 4; includeInIndex = 0; lastKnownFileType = sourcecode.c.h; name = CDVFile.h; path = "cordova-plugin-file/CDVFile.h"; sourceTree = "<group>"; };
		A53AA51AB8C14102B37DE7AA /* CDVLocation.h */ = {isa = PBXFileReference; explicitFileType = undefined; fileEncoding = 4; includeInIndex = 0; lastKnownFileType = sourcecode.c.h; name = CDVLocation.h; path = "cordova-plugin-geolocation/CDVLocation.h"; sourceTree = "<group>"; };
		AE3E953D039143D1B2B81097 /* CDVCompass.h */ = {isa = PBXFileReference; explicitFileType = undefined; fileEncoding = 4; includeInIndex = 0; lastKnownFileType = sourcecode.c.h; name = CDVCompass.h; path = "cordova-plugin-device-orientation/CDVCompass.h"; sourceTree = "<group>"; };
		B5E7507665B34D6C8A31BA62 /* CDVAssetLibraryFilesystem.h */ = {isa = PBXFileReference; explicitFileType = undefined; fileEncoding = 4; includeInIndex = 0; lastKnownFileType = sourcecode.c.h; name = CDVAssetLibraryFilesystem.h; path = "cordova-plugin-file/CDVAssetLibraryFilesystem.h"; sourceTree = "<group>"; };
		BD263879E46C4679BD3B745D /* CDVJpegHeaderWriter.m */ = {isa = PBXFileReference; explicitFileType = undefined; fileEncoding = 4; includeInIndex = 0; lastKnownFileType = sourcecode.c.objc; name = CDVJpegHeaderWriter.m; path = "cordova-plugin-camera/CDVJpegHeaderWriter.m"; sourceTree = "<group>"; };
		C7D7B330ACE64FE4B43B5EEF /* CDVAssetLibraryFilesystem.m */ = {isa = PBXFileReference; explicitFileType = undefined; fileEncoding = 4; includeInIndex = 0; lastKnownFileType = sourcecode.c.objc; name = CDVAssetLibraryFilesystem.m; path = "cordova-plugin-file/CDVAssetLibraryFilesystem.m"; sourceTree = "<group>"; };
		C8097FAB1A6947818D775EEC /* CDVDevice.m */ = {isa = PBXFileReference; explicitFileType = undefined; fileEncoding = 4; includeInIndex = 0; lastKnownFileType = sourcecode.c.objc; name = CDVDevice.m; path = "cordova-plugin-device/CDVDevice.m"; sourceTree = "<group>"; };
		C88968CF1D7D41FB89BD0126 /* CDVNotification.bundle */ = {isa = PBXFileReference; explicitFileType = undefined; fileEncoding = 9; includeInIndex = 0; lastKnownFileType = "wrapper.plug-in"; path = CDVNotification.bundle; sourceTree = "<group>"; };
		CBAE670542754CF582DA5CF8 /* CDVAccelerometer.h */ = {isa = PBXFileReference; explicitFileType = undefined; fileEncoding = 4; includeInIndex = 0; lastKnownFileType = sourcecode.c.h; name = CDVAccelerometer.h; path = "cordova-plugin-device-motion/CDVAccelerometer.h"; sourceTree = "<group>"; };
		D2E5233E29114591AC74CB37 /* CDVLocalFilesystem.m */ = {isa = PBXFileReference; explicitFileType = undefined; fileEncoding = 4; includeInIndex = 0; lastKnownFileType = sourcecode.c.objc; name = CDVLocalFilesystem.m; path = "cordova-plugin-file/CDVLocalFilesystem.m"; sourceTree = "<group>"; };
		D36A57BD840340F1AD434026 /* CoreMotion.framework */ = {isa = PBXFileReference; explicitFileType = undefined; fileEncoding = 9; includeInIndex = 0; lastKnownFileType = wrapper.framework; name = CoreMotion.framework; path = System/Library/Frameworks/CoreMotion.framework; sourceTree = SDKROOT; };
		D6113D07403844709E64E9CB /* CoreLocation.framework */ = {isa = PBXFileReference; explicitFileType = undefined; fileEncoding = 9; includeInIndex = 0; lastKnownFileType = wrapper.framework; name = CoreLocation.framework; path = System/Library/Frameworks/CoreLocation.framework; sourceTree = SDKROOT; };
		D969ED4EC21C4D51A9DB34AA /* UIImage+CropScaleOrientation.h */ = {isa = PBXFileReference; explicitFileType = undefined; fileEncoding = 4; includeInIndex = 0; lastKnownFileType = sourcecode.c.h; name = "UIImage+CropScaleOrientation.h"; path = "cordova-plugin-camera/UIImage+CropScaleOrientation.h"; sourceTree = "<group>"; };
		E3DCB2F0FBD542E58688A3C8 /* AudioToolbox.framework */ = {isa = PBXFileReference; explicitFileType = undefined; fileEncoding = 9; includeInIndex = 0; lastKnownFileType = wrapper.framework; name = AudioToolbox.framework; path = System/Library/Frameworks/AudioToolbox.framework; sourceTree = SDKROOT; };
		EB87FDF31871DA8E0020F90C /* www */ = {isa = PBXFileReference; lastKnownFileType = folder; name = www; path = ../../www; sourceTree = "<group>"; };
		EB87FDF41871DAF40020F90C /* config.xml */ = {isa = PBXFileReference; lastKnownFileType = text.xml; name = config.xml; path = ../../config.xml; sourceTree = "<group>"; };
		EC3AFF26C964465D852AF1D9 /* CDVExif.h */ = {isa = PBXFileReference; explicitFileType = undefined; fileEncoding = 4; includeInIndex = 0; lastKnownFileType = sourcecode.c.h; name = CDVExif.h; path = "cordova-plugin-camera/CDVExif.h"; sourceTree = "<group>"; };
		ED33DF2A687741AEAF9F8254 /* Bridging-Header.h */ = {isa = PBXFileReference; fileEncoding = 4; lastKnownFileType = sourcecode.c.h; path = "Bridging-Header.h"; sourceTree = "<group>"; };
		F840E1F0165FE0F500CFE078 /* config.xml */ = {isa = PBXFileReference; lastKnownFileType = text.xml; name = config.xml; path = PluginTest/config.xml; sourceTree = "<group>"; };
		D7D82E7F3E554186BADA96CA /* CDVGlobalization.m */ = {isa = PBXFileReference; name = "CDVGlobalization.m"; path = "cordova-plugin-globalization/CDVGlobalization.m"; sourceTree = "<group>"; fileEncoding = 4; lastKnownFileType = sourcecode.c.objc; explicitFileType = undefined; includeInIndex = 0; };
		0021CEE4725A4CC5A35B7ABA /* CDVGlobalization.h */ = {isa = PBXFileReference; name = "CDVGlobalization.h"; path = "cordova-plugin-globalization/CDVGlobalization.h"; sourceTree = "<group>"; fileEncoding = 4; lastKnownFileType = sourcecode.c.h; explicitFileType = undefined; includeInIndex = 0; };
		9D42F42A1A91484B9D1B32AD /* CDVSound.m */ = {isa = PBXFileReference; name = "CDVSound.m"; path = "cordova-plugin-media/CDVSound.m"; sourceTree = "<group>"; fileEncoding = 4; lastKnownFileType = sourcecode.c.objc; explicitFileType = undefined; includeInIndex = 0; };
		266C605B07514868A2A7C430 /* CDVSound.h */ = {isa = PBXFileReference; name = "CDVSound.h"; path = "cordova-plugin-media/CDVSound.h"; sourceTree = "<group>"; fileEncoding = 4; lastKnownFileType = sourcecode.c.h; explicitFileType = undefined; includeInIndex = 0; };
		1552A2E61601413F9BD7E956 /* CDVCapture.m */ = {isa = PBXFileReference; name = "CDVCapture.m"; path = "cordova-plugin-media-capture/CDVCapture.m"; sourceTree = "<group>"; fileEncoding = 4; lastKnownFileType = sourcecode.c.objc; explicitFileType = undefined; includeInIndex = 0; };
		B9596AC1E78E489A903A258B /* CDVCapture.h */ = {isa = PBXFileReference; name = "CDVCapture.h"; path = "cordova-plugin-media-capture/CDVCapture.h"; sourceTree = "<group>"; fileEncoding = 4; lastKnownFileType = sourcecode.c.h; explicitFileType = undefined; includeInIndex = 0; };
		A45A0E4A697944E88574ABB7 /* CDVCapture.bundle */ = {isa = PBXFileReference; name = "CDVCapture.bundle"; path = "CDVCapture.bundle"; sourceTree = "<group>"; fileEncoding = undefined; lastKnownFileType = wrapper.plug-in; explicitFileType = undefined; includeInIndex = 0; };
		F26721B82AB4442880E45FE9 /* CDVConnection.m */ = {isa = PBXFileReference; name = "CDVConnection.m"; path = "cordova-plugin-network-information/CDVConnection.m"; sourceTree = "<group>"; fileEncoding = 4; lastKnownFileType = sourcecode.c.objc; explicitFileType = undefined; includeInIndex = 0; };
		1CD98C8091424EEFA76F2104 /* CDVReachability.m */ = {isa = PBXFileReference; name = "CDVReachability.m"; path = "cordova-plugin-network-information/CDVReachability.m"; sourceTree = "<group>"; fileEncoding = 4; lastKnownFileType = sourcecode.c.objc; explicitFileType = undefined; includeInIndex = 0; };
		F41917E792DC4EB482CD108A /* CDVConnection.h */ = {isa = PBXFileReference; name = "CDVConnection.h"; path = "cordova-plugin-network-information/CDVConnection.h"; sourceTree = "<group>"; fileEncoding = 4; lastKnownFileType = sourcecode.c.h; explicitFileType = undefined; includeInIndex = 0; };
		A4AA7CCCAC5D431F8E27E3CB /* CDVReachability.h */ = {isa = PBXFileReference; name = "CDVReachability.h"; path = "cordova-plugin-network-information/CDVReachability.h"; sourceTree = "<group>"; fileEncoding = 4; lastKnownFileType = sourcecode.c.h; explicitFileType = undefined; includeInIndex = 0; };
		C9A4B1D6E6574DEFB4C120E6 /* SystemConfiguration.framework */ = {isa = PBXFileReference; name = "SystemConfiguration.framework"; path = "System/Library/Frameworks/SystemConfiguration.framework"; sourceTree = SDKROOT; fileEncoding = undefined; lastKnownFileType = wrapper.framework; explicitFileType = undefined; includeInIndex = 0; };
		0D72E8ED105B47E789232EC2 /* CoreTelephony.framework */ = {isa = PBXFileReference; name = "CoreTelephony.framework"; path = "System/Library/Frameworks/CoreTelephony.framework"; sourceTree = SDKROOT; fileEncoding = undefined; lastKnownFileType = wrapper.framework; explicitFileType = undefined; includeInIndex = 0; };
		18F83CF4F6CF496EB6C08679 /* YoikScreenOrientation.m */ = {isa = PBXFileReference; name = "YoikScreenOrientation.m"; path = "cordova-plugin-screen-orientation/YoikScreenOrientation.m"; sourceTree = "<group>"; fileEncoding = 4; lastKnownFileType = sourcecode.c.objc; explicitFileType = undefined; includeInIndex = 0; };
		DF53E0BECCD1473A9031A7E6 /* CDVViewController+UpdateSupportedOrientations.m */ = {isa = PBXFileReference; name = "CDVViewController+UpdateSupportedOrientations.m"; path = "cordova-plugin-screen-orientation/CDVViewController+UpdateSupportedOrientations.m"; sourceTree = "<group>"; fileEncoding = 4; lastKnownFileType = sourcecode.c.objc; explicitFileType = undefined; includeInIndex = 0; };
		8F3835358FA6495384C793CC /* YoikScreenOrientation.h */ = {isa = PBXFileReference; name = "YoikScreenOrientation.h"; path = "cordova-plugin-screen-orientation/YoikScreenOrientation.h"; sourceTree = "<group>"; fileEncoding = 4; lastKnownFileType = sourcecode.c.h; explicitFileType = undefined; includeInIndex = 0; };
		E9585CCB2A724F458FC17310 /* CDVViewController+UpdateSupportedOrientations.h */ = {isa = PBXFileReference; name = "CDVViewController+UpdateSupportedOrientations.h"; path = "cordova-plugin-screen-orientation/CDVViewController+UpdateSupportedOrientations.h"; sourceTree = "<group>"; fileEncoding = 4; lastKnownFileType = sourcecode.c.h; explicitFileType = undefined; includeInIndex = 0; };
		549C14B4A9D64443A99CD012 /* CDVVibration.m */ = {isa = PBXFileReference; name = "CDVVibration.m"; path = "cordova-plugin-vibration/CDVVibration.m"; sourceTree = "<group>"; fileEncoding = 4; lastKnownFileType = sourcecode.c.objc; explicitFileType = undefined; includeInIndex = 0; };
		5BCEF705F4D7434EBDCA5C9B /* CDVVibration.h */ = {isa = PBXFileReference; name = "CDVVibration.h"; path = "cordova-plugin-vibration/CDVVibration.h"; sourceTree = "<group>"; fileEncoding = 4; lastKnownFileType = sourcecode.c.h; explicitFileType = undefined; includeInIndex = 0; };
		29C3CE7CE62A4DD7989E4B86 /* Toast+UIView.m */ = {isa = PBXFileReference; name = "Toast+UIView.m"; path = "cordova-plugin-x-toast/Toast+UIView.m"; sourceTree = "<group>"; fileEncoding = 4; lastKnownFileType = sourcecode.c.objc; explicitFileType = undefined; includeInIndex = 0; };
		30E932483AE544EBB114A943 /* Toast.m */ = {isa = PBXFileReference; name = "Toast.m"; path = "cordova-plugin-x-toast/Toast.m"; sourceTree = "<group>"; fileEncoding = 4; lastKnownFileType = sourcecode.c.objc; explicitFileType = undefined; includeInIndex = 0; };
		E89A2B3183EC4ACE8C61FD43 /* Toast+UIView.h */ = {isa = PBXFileReference; name = "Toast+UIView.h"; path = "cordova-plugin-x-toast/Toast+UIView.h"; sourceTree = "<group>"; fileEncoding = 4; lastKnownFileType = sourcecode.c.h; explicitFileType = undefined; includeInIndex = 0; };
		13B0AA10DEDE43059FBFB93C /* Toast.h */ = {isa = PBXFileReference; name = "Toast.h"; path = "cordova-plugin-x-toast/Toast.h"; sourceTree = "<group>"; fileEncoding = 4; lastKnownFileType = sourcecode.c.h; explicitFileType = undefined; includeInIndex = 0; };
		B07665882BD642C2A0E044ED /* QuartzCore.framework */ = {isa = PBXFileReference; name = "QuartzCore.framework"; path = "System/Library/Frameworks/QuartzCore.framework"; sourceTree = SDKROOT; fileEncoding = undefined; lastKnownFileType = wrapper.framework; explicitFileType = undefined; includeInIndex = 0; };
		ACD5ADE153B74172A244B1CD /* Diagnostic.m */ = {isa = PBXFileReference; name = "Diagnostic.m"; path = "cordova.plugins.diagnostic/Diagnostic.m"; sourceTree = "<group>"; fileEncoding = 4; lastKnownFileType = sourcecode.c.objc; explicitFileType = undefined; includeInIndex = 0; };
		29AE3553DA46421D91F32F97 /* Diagnostic.h */ = {isa = PBXFileReference; name = "Diagnostic.h"; path = "cordova.plugins.diagnostic/Diagnostic.h"; sourceTree = "<group>"; fileEncoding = 4; lastKnownFileType = sourcecode.c.h; explicitFileType = undefined; includeInIndex = 0; };
		223D82C01DF045F4985302D5 /* CoreBluetooth.framework */ = {isa = PBXFileReference; name = "CoreBluetooth.framework"; path = "System/Library/Frameworks/CoreBluetooth.framework"; sourceTree = SDKROOT; fileEncoding = undefined; lastKnownFileType = wrapper.framework; explicitFileType = undefined; includeInIndex = 0; };
		46D873AE618A441096F6E1E3 /* Photos.framework */ = {isa = PBXFileReference; name = "Photos.framework"; path = "System/Library/Frameworks/Photos.framework"; sourceTree = SDKROOT; fileEncoding = undefined; lastKnownFileType = wrapper.framework; explicitFileType = undefined; includeInIndex = 0; };
		7C59F698FC86440FA97239FA /* AddressBook.framework */ = {isa = PBXFileReference; name = "AddressBook.framework"; path = "System/Library/Frameworks/AddressBook.framework"; sourceTree = SDKROOT; fileEncoding = undefined; lastKnownFileType = wrapper.framework; explicitFileType = undefined; includeInIndex = 0; };
		14069DEBD21E4ECAAAD7B1A3 /* EventKit.framework */ = {isa = PBXFileReference; name = "EventKit.framework"; path = "System/Library/Frameworks/EventKit.framework"; sourceTree = SDKROOT; fileEncoding = undefined; lastKnownFileType = wrapper.framework; explicitFileType = undefined; includeInIndex = 0; };
		8D35182D10CF491AB903A8CC /* IonicKeyboard.m */ = {isa = PBXFileReference; name = "IonicKeyboard.m"; path = "ionic-plugin-keyboard/IonicKeyboard.m"; sourceTree = "<group>"; fileEncoding = 4; lastKnownFileType = sourcecode.c.objc; explicitFileType = undefined; includeInIndex = 0; };
		F07E0C9280394BDC979F2D95 /* IonicKeyboard.h */ = {isa = PBXFileReference; name = "IonicKeyboard.h"; path = "ionic-plugin-keyboard/IonicKeyboard.h"; sourceTree = "<group>"; fileEncoding = 4; lastKnownFileType = sourcecode.c.h; explicitFileType = undefined; includeInIndex = 0; };
		AED873B19B244A23B48EAC27 /* Insomnia.m */ = {isa = PBXFileReference; name = "Insomnia.m"; path = "cordova-plugin-insomnia/Insomnia.m"; sourceTree = "<group>"; fileEncoding = 4; lastKnownFileType = sourcecode.c.objc; explicitFileType = undefined; includeInIndex = 0; };
		800640EC36F943D29FDA6DB3 /* Insomnia.h */ = {isa = PBXFileReference; name = "Insomnia.h"; path = "cordova-plugin-insomnia/Insomnia.h"; sourceTree = "<group>"; fileEncoding = 4; lastKnownFileType = sourcecode.c.h; explicitFileType = undefined; includeInIndex = 0; };
/* End PBXFileReference section */

/* Begin PBXFrameworksBuildPhase section */
		1D60588F0D05DD3D006BFB54 /* Frameworks */ = {
			isa = PBXFrameworksBuildPhase;
			buildActionMask = 2147483647;
			files = (
				301BF552109A68D80062928A /* libCordova.a in Frameworks */,
				220366EB1265405BAB87C67D /* ImageIO.framework in Frameworks */,
				0459E183864C4DA7BCC8960E /* CoreLocation.framework in Frameworks */,
				C65248896BDA46058A790379 /* AVFoundation.framework in Frameworks */,
				84E9E50E37B44398863C428A /* CoreMotion.framework in Frameworks */,
				C1F06DBE49644777B65D6DAF /* AudioToolbox.framework in Frameworks */,
				164076FB9F2A41C8A75A49D4 /* SystemConfiguration.framework in Frameworks */,
				840A7BBA78CD4084949D8300 /* CoreTelephony.framework in Frameworks */,
				B94311D3A390475691C7A97F /* QuartzCore.framework in Frameworks */,
				9E678E2E9DAF4E73AA75228D /* CoreBluetooth.framework in Frameworks */,
				F64EFB50B2D14882B19AF25A /* Photos.framework in Frameworks */,
				A88F732EF6F344998B9B97B0 /* AddressBook.framework in Frameworks */,
				37E25D262C614031B8E157C2 /* EventKit.framework in Frameworks */,
			);
			runOnlyForDeploymentPostprocessing = 0;
		};
/* End PBXFrameworksBuildPhase section */

/* Begin PBXGroup section */
		080E96DDFE201D6D7F000001 /* Classes */ = {
			isa = PBXGroup;
			children = (
				302D95EE14D2391D003F00A1 /* MainViewController.h */,
				302D95EF14D2391D003F00A1 /* MainViewController.m */,
				302D95F014D2391D003F00A1 /* MainViewController.xib */,
				1D3623240D0F684500981E51 /* AppDelegate.h */,
				1D3623250D0F684500981E51 /* AppDelegate.m */,
			);
			name = Classes;
			path = PluginTest/Classes;
			sourceTree = SOURCE_ROOT;
		};
		19C28FACFE9D520D11CA2CBB /* Products */ = {
			isa = PBXGroup;
			children = (
				1D6058910D05DD3D006BFB54 /* PluginTest.app */,
			);
			name = Products;
			sourceTree = "<group>";
		};
		29B97314FDCFA39411CA2CEA /* CustomTemplate */ = {
			isa = PBXGroup;
			children = (
				EB87FDF41871DAF40020F90C /* config.xml */,
				EB87FDF31871DA8E0020F90C /* www */,
				EB87FDF11871DA420020F90C /* Staging */,
				301BF52D109A57CC0062928A /* CordovaLib.xcodeproj */,
				080E96DDFE201D6D7F000001 /* Classes */,
				307C750510C5A3420062BCA9 /* Plugins */,
				29B97315FDCFA39411CA2CEA /* Other Sources */,
				29B97317FDCFA39411CA2CEA /* Resources */,
				29B97323FDCFA39411CA2CEA /* Frameworks */,
				19C28FACFE9D520D11CA2CBB /* Products */,
			);
			name = CustomTemplate;
			sourceTree = "<group>";
		};
		29B97315FDCFA39411CA2CEA /* Other Sources */ = {
			isa = PBXGroup;
			children = (
				32CA4F630368D1EE00C91783 /* PluginTest-Prefix.pch */,
				29B97316FDCFA39411CA2CEA /* main.m */,
				ED33DF2A687741AEAF9F8254 /* Bridging-Header.h */,
			);
			name = "Other Sources";
			path = PluginTest;
			sourceTree = "<group>";
		};
		29B97317FDCFA39411CA2CEA /* Resources */ = {
			isa = PBXGroup;
			children = (
				0207DA571B56EA530066E2B4 /* Images.xcassets */,
				3047A50E1AB8057F00498E2A /* config */,
				8D1107310486CEB800E47090 /* PluginTest-Info.plist */,
				C88968CF1D7D41FB89BD0126 /* CDVNotification.bundle */,
				A45A0E4A697944E88574ABB7 /* CDVCapture.bundle */,
			);
			name = Resources;
			path = PluginTest/Resources;
			sourceTree = "<group>";
		};
		29B97323FDCFA39411CA2CEA /* Frameworks */ = {
			isa = PBXGroup;
			children = (
				9C375E30476A4976B6EA9EFC /* ImageIO.framework */,
				D6113D07403844709E64E9CB /* CoreLocation.framework */,
				59B86F07F0234B12B59374D8 /* AVFoundation.framework */,
				D36A57BD840340F1AD434026 /* CoreMotion.framework */,
				E3DCB2F0FBD542E58688A3C8 /* AudioToolbox.framework */,
				C9A4B1D6E6574DEFB4C120E6 /* SystemConfiguration.framework */,
				0D72E8ED105B47E789232EC2 /* CoreTelephony.framework */,
				B07665882BD642C2A0E044ED /* QuartzCore.framework */,
				223D82C01DF045F4985302D5 /* CoreBluetooth.framework */,
				46D873AE618A441096F6E1E3 /* Photos.framework */,
				7C59F698FC86440FA97239FA /* AddressBook.framework */,
				14069DEBD21E4ECAAAD7B1A3 /* EventKit.framework */,
			);
			name = Frameworks;
			sourceTree = "<group>";
		};
		301BF52E109A57CC0062928A /* Products */ = {
			isa = PBXGroup;
			children = (
				301BF535109A57CC0062928A /* libCordova.a */,
			);
			name = Products;
			sourceTree = "<group>";
		};
		3047A50E1AB8057F00498E2A /* config */ = {
			isa = PBXGroup;
			children = (
				3047A50F1AB8059700498E2A /* build-debug.xcconfig */,
				3047A5101AB8059700498E2A /* build-release.xcconfig */,
				3047A5111AB8059700498E2A /* build.xcconfig */,
			);
			name = config;
			sourceTree = "<group>";
		};
		307C750510C5A3420062BCA9 /* Plugins */ = {
			isa = PBXGroup;
			children = (
				146C26D44583420C956E5D12 /* UIImage+CropScaleOrientation.m */,
				10062A15E7364C85905EE17B /* CDVCamera.m */,
				BD263879E46C4679BD3B745D /* CDVJpegHeaderWriter.m */,
				D969ED4EC21C4D51A9DB34AA /* UIImage+CropScaleOrientation.h */,
				6035F42C130249ABA602F62C /* CDVCamera.h */,
				844B2D7B0CDC4E4A923CA797 /* CDVJpegHeaderWriter.h */,
				EC3AFF26C964465D852AF1D9 /* CDVExif.h */,
				C8097FAB1A6947818D775EEC /* CDVDevice.m */,
				81553A69ECC14B8FA9F3FC65 /* CDVDevice.h */,
				148AD007F16A48F18AC87DE3 /* CDVAccelerometer.m */,
				CBAE670542754CF582DA5CF8 /* CDVAccelerometer.h */,
				6BEBA3870D864A959E0A554A /* CDVCompass.m */,
				AE3E953D039143D1B2B81097 /* CDVCompass.h */,
				384D0F42CE5146BC931BDA1B /* CDVNotification.m */,
				9B5DBEBEA72B41DC929A82EA /* CDVNotification.h */,
				11AE1D2446B44D7781C35AEF /* CDVFile.m */,
				D2E5233E29114591AC74CB37 /* CDVLocalFilesystem.m */,
				C7D7B330ACE64FE4B43B5EEF /* CDVAssetLibraryFilesystem.m */,
				A14684FDE467415BB68A017F /* CDVFile.h */,
				759D02AD8472492EBFF50E27 /* CDVLocalFilesystem.h */,
				B5E7507665B34D6C8A31BA62 /* CDVAssetLibraryFilesystem.h */,
				5F949B4939BF47F0A2FBE588 /* CDVLocation.m */,
				A53AA51AB8C14102B37DE7AA /* CDVLocation.h */,
				D7D82E7F3E554186BADA96CA /* CDVGlobalization.m */,
				0021CEE4725A4CC5A35B7ABA /* CDVGlobalization.h */,
				9D42F42A1A91484B9D1B32AD /* CDVSound.m */,
				266C605B07514868A2A7C430 /* CDVSound.h */,
				1552A2E61601413F9BD7E956 /* CDVCapture.m */,
				B9596AC1E78E489A903A258B /* CDVCapture.h */,
				F26721B82AB4442880E45FE9 /* CDVConnection.m */,
				1CD98C8091424EEFA76F2104 /* CDVReachability.m */,
				F41917E792DC4EB482CD108A /* CDVConnection.h */,
				A4AA7CCCAC5D431F8E27E3CB /* CDVReachability.h */,
				18F83CF4F6CF496EB6C08679 /* YoikScreenOrientation.m */,
				DF53E0BECCD1473A9031A7E6 /* CDVViewController+UpdateSupportedOrientations.m */,
				8F3835358FA6495384C793CC /* YoikScreenOrientation.h */,
				E9585CCB2A724F458FC17310 /* CDVViewController+UpdateSupportedOrientations.h */,
				549C14B4A9D64443A99CD012 /* CDVVibration.m */,
				5BCEF705F4D7434EBDCA5C9B /* CDVVibration.h */,
				29C3CE7CE62A4DD7989E4B86 /* Toast+UIView.m */,
				30E932483AE544EBB114A943 /* Toast.m */,
				E89A2B3183EC4ACE8C61FD43 /* Toast+UIView.h */,
				13B0AA10DEDE43059FBFB93C /* Toast.h */,
				ACD5ADE153B74172A244B1CD /* Diagnostic.m */,
				29AE3553DA46421D91F32F97 /* Diagnostic.h */,
				8D35182D10CF491AB903A8CC /* IonicKeyboard.m */,
				F07E0C9280394BDC979F2D95 /* IonicKeyboard.h */,
				AED873B19B244A23B48EAC27 /* Insomnia.m */,
				800640EC36F943D29FDA6DB3 /* Insomnia.h */,
			);
			name = Plugins;
			path = PluginTest/Plugins;
			sourceTree = SOURCE_ROOT;
		};
		EB87FDF11871DA420020F90C /* Staging */ = {
			isa = PBXGroup;
			children = (
				F840E1F0165FE0F500CFE078 /* config.xml */,
				301BF56E109A69640062928A /* www */,
			);
			name = Staging;
			sourceTree = "<group>";
		};
/* End PBXGroup section */

/* Begin PBXNativeTarget section */
		1D6058900D05DD3D006BFB54 /* PluginTest */ = {
			isa = PBXNativeTarget;
			buildConfigurationList = 1D6058960D05DD3E006BFB54 /* Build configuration list for PBXNativeTarget "PluginTest" */;
			buildPhases = (
				304B58A110DAC018002A0835 /* Copy www directory */,
				1D60588D0D05DD3D006BFB54 /* Resources */,
				1D60588E0D05DD3D006BFB54 /* Sources */,
				1D60588F0D05DD3D006BFB54 /* Frameworks */,
			);
			buildRules = (
			);
			dependencies = (
				301BF551109A68C00062928A /* PBXTargetDependency */,
			);
			name = PluginTest;
			productName = PluginTest;
			productReference = 1D6058910D05DD3D006BFB54 /* PluginTest.app */;
			productType = "com.apple.product-type.application";
		};
/* End PBXNativeTarget section */

/* Begin PBXProject section */
		29B97313FDCFA39411CA2CEA /* Project object */ = {
			isa = PBXProject;
			attributes = {
				LastUpgradeCheck = 510;
				TargetAttributes = {
					1D6058900D05DD3D006BFB54 = {
						DevelopmentTeam = 3R8NJ8ABKK;
					};
				};
			};
			buildConfigurationList = C01FCF4E08A954540054247B /* Build configuration list for PBXProject "PluginTest" */;
			compatibilityVersion = "Xcode 3.2";
			developmentRegion = English;
			hasScannedForEncodings = 1;
			knownRegions = (
				en,
			);
			mainGroup = 29B97314FDCFA39411CA2CEA /* CustomTemplate */;
			projectDirPath = "";
			projectReferences = (
				{
					ProductGroup = 301BF52E109A57CC0062928A /* Products */;
					ProjectRef = 301BF52D109A57CC0062928A /* CordovaLib.xcodeproj */;
				},
			);
			projectRoot = "";
			targets = (
				1D6058900D05DD3D006BFB54 /* PluginTest */,
			);
		};
/* End PBXProject section */

/* Begin PBXReferenceProxy section */
		301BF535109A57CC0062928A /* libCordova.a */ = {
			isa = PBXReferenceProxy;
			fileType = archive.ar;
			path = libCordova.a;
			remoteRef = 301BF534109A57CC0062928A /* PBXContainerItemProxy */;
			sourceTree = BUILT_PRODUCTS_DIR;
		};
/* End PBXReferenceProxy section */

/* Begin PBXResourcesBuildPhase section */
		1D60588D0D05DD3D006BFB54 /* Resources */ = {
			isa = PBXResourcesBuildPhase;
			buildActionMask = 2147483647;
			files = (
				302D95F214D2391D003F00A1 /* MainViewController.xib in Resources */,
				3047A5131AB8059700498E2A /* build-release.xcconfig in Resources */,
				3047A5141AB8059700498E2A /* build.xcconfig in Resources */,
				0207DA581B56EA530066E2B4 /* Images.xcassets in Resources */,
				3047A5121AB8059700498E2A /* build-debug.xcconfig in Resources */,
				8477B4CC27A247169917C827 /* CDVNotification.bundle in Resources */,
				30BA22710EDB4CA6A814DA5F /* CDVCapture.bundle in Resources */,
			);
			runOnlyForDeploymentPostprocessing = 0;
		};
/* End PBXResourcesBuildPhase section */

/* Begin PBXShellScriptBuildPhase section */
		304B58A110DAC018002A0835 /* Copy www directory */ = {
			isa = PBXShellScriptBuildPhase;
			buildActionMask = 2147483647;
			files = (
			);
			inputPaths = (
			);
			name = "Copy www directory";
			outputPaths = (
			);
			runOnlyForDeploymentPostprocessing = 0;
			shellPath = /bin/sh;
			shellScript = "NODEJS_PATH=/usr/local/bin; NVM_NODE_PATH=~/.nvm/versions/node/`nvm version 2>/dev/null`/bin; N_NODE_PATH=`find /usr/local/n/versions/node/* -maxdepth 0 -type d 2>/dev/null | tail -1`/bin; XCODE_NODE_PATH=`xcode-select --print-path`/usr/share/xcs/Node/bin; PATH=$NODEJS_PATH:$NVM_NODE_PATH:$N_NODE_PATH:$XCODE_NODE_PATH:$PATH && node cordova/lib/copy-www-build-step.js";
			showEnvVarsInLog = 0;
		};
/* End PBXShellScriptBuildPhase section */

/* Begin PBXSourcesBuildPhase section */
		1D60588E0D05DD3D006BFB54 /* Sources */ = {
			isa = PBXSourcesBuildPhase;
			buildActionMask = 2147483647;
			files = (
				1D60589B0D05DD56006BFB54 /* main.m in Sources */,
				1D3623260D0F684500981E51 /* AppDelegate.m in Sources */,
				302D95F114D2391D003F00A1 /* MainViewController.m in Sources */,
				3D161F5235344E5B9D58FBC5 /* UIImage+CropScaleOrientation.m in Sources */,
				F7149DF71F974FAB822E2603 /* CDVCamera.m in Sources */,
				2288F469A8644AF6A1D106FB /* CDVJpegHeaderWriter.m in Sources */,
				236E77E7120A4B30ACA0F695 /* CDVDevice.m in Sources */,
				9CDEFE3FC0844674A28E2E83 /* CDVAccelerometer.m in Sources */,
				391CCE19F6984D23BBEE2A07 /* CDVCompass.m in Sources */,
				E39295A93E4F4CDC81BC3AFE /* CDVNotification.m in Sources */,
				FE36153ECD3A4CCA9AC1B15A /* CDVFile.m in Sources */,
				CF40FFBECA1148E2BB858D6E /* CDVLocalFilesystem.m in Sources */,
				BE08EA5FB4BF44DEB35F2656 /* CDVAssetLibraryFilesystem.m in Sources */,
				32BACF199287405FB0A60A5F /* CDVLocation.m in Sources */,
				2D77B87F9CC0402D9DAB4881 /* CDVGlobalization.m in Sources */,
				077A7A377FEF4FC68303599F /* CDVSound.m in Sources */,
				D482634F8DFA49CEA4387FA4 /* CDVCapture.m in Sources */,
				6ED367616B424D5CB6EF5F7E /* CDVConnection.m in Sources */,
				E7AA96B6024A4E64BE880D94 /* CDVReachability.m in Sources */,
				30B089813EA84E14839A5897 /* YoikScreenOrientation.m in Sources */,
				26C6C1C1739440A2921752B5 /* CDVViewController+UpdateSupportedOrientations.m in Sources */,
				116B6F0847C342B3A0C3A54A /* CDVVibration.m in Sources */,
				FF8935937D42493AA42133E1 /* Toast+UIView.m in Sources */,
				8E6B3DA75131411C9A1BB132 /* Toast.m in Sources */,
				B3E6243541EA424AACAD158A /* Diagnostic.m in Sources */,
				B310E98DB2484DB49F53EC5B /* IonicKeyboard.m in Sources */,
				0B7AF55BE43649B9A9BDF33C /* Insomnia.m in Sources */,
			);
			runOnlyForDeploymentPostprocessing = 0;
		};
/* End PBXSourcesBuildPhase section */

/* Begin PBXTargetDependency section */
		301BF551109A68C00062928A /* PBXTargetDependency */ = {
			isa = PBXTargetDependency;
			name = CordovaLib;
			targetProxy = 301BF550109A68C00062928A /* PBXContainerItemProxy */;
		};
/* End PBXTargetDependency section */

/* Begin XCBuildConfiguration section */
		1D6058940D05DD3E006BFB54 /* Debug */ = {
			isa = XCBuildConfiguration;
			baseConfigurationReference = 3047A50F1AB8059700498E2A /* build-debug.xcconfig */;
			buildSettings = {
				ALWAYS_SEARCH_USER_PATHS = NO;
				ASSETCATALOG_COMPILER_APPICON_NAME = AppIcon;
				ASSETCATALOG_COMPILER_LAUNCHIMAGE_NAME = LaunchImage;
				CLANG_ENABLE_MODULES = YES;
				CLANG_ENABLE_OBJC_ARC = YES;
				CODE_SIGN_IDENTITY = "iPhone Developer";
				"CODE_SIGN_IDENTITY[sdk=iphoneos*]" = "iPhone Developer";
				COPY_PHASE_STRIP = NO;
				GCC_DYNAMIC_NO_PIC = NO;
				GCC_OPTIMIZATION_LEVEL = 0;
				GCC_PRECOMPILE_PREFIX_HEADER = YES;
				GCC_PREFIX_HEADER = "PluginTest/PluginTest-Prefix.pch";
				GCC_THUMB_SUPPORT = NO;
				GCC_VERSION = "";
				INFOPLIST_FILE = "PluginTest/PluginTest-Info.plist";
				LD_RUNPATH_SEARCH_PATHS = "@executable_path/Frameworks";
				PRODUCT_NAME = PluginTest;
				PROVISIONING_PROFILE = "";
			};
			name = Debug;
		};
		1D6058950D05DD3E006BFB54 /* Release */ = {
			isa = XCBuildConfiguration;
			baseConfigurationReference = 3047A5101AB8059700498E2A /* build-release.xcconfig */;
			buildSettings = {
				ALWAYS_SEARCH_USER_PATHS = NO;
				ASSETCATALOG_COMPILER_APPICON_NAME = AppIcon;
				ASSETCATALOG_COMPILER_LAUNCHIMAGE_NAME = LaunchImage;
				CLANG_ENABLE_MODULES = YES;
				CLANG_ENABLE_OBJC_ARC = YES;
				CODE_SIGN_IDENTITY = "iPhone Developer";
				"CODE_SIGN_IDENTITY[sdk=iphoneos*]" = "iPhone Developer";
				COPY_PHASE_STRIP = YES;
				GCC_PRECOMPILE_PREFIX_HEADER = YES;
				GCC_PREFIX_HEADER = "PluginTest/PluginTest-Prefix.pch";
				GCC_THUMB_SUPPORT = NO;
				GCC_VERSION = "";
				INFOPLIST_FILE = "PluginTest/PluginTest-Info.plist";
				PRODUCT_NAME = PluginTest;
				PROVISIONING_PROFILE = "";
			};
			name = Release;
		};
		C01FCF4F08A954540054247B /* Debug */ = {
			isa = XCBuildConfiguration;
			baseConfigurationReference = 3047A5111AB8059700498E2A /* build.xcconfig */;
			buildSettings = {
				CLANG_ENABLE_MODULES = YES;
				CLANG_ENABLE_OBJC_ARC = YES;
				CLANG_WARN_BOOL_CONVERSION = YES;
				CLANG_WARN_CONSTANT_CONVERSION = YES;
				CLANG_WARN_EMPTY_BODY = YES;
				CLANG_WARN_ENUM_CONVERSION = YES;
				CLANG_WARN_INT_CONVERSION = YES;
				CLANG_WARN__DUPLICATE_METHOD_MATCH = YES;
				GCC_C_LANGUAGE_STANDARD = c99;
				GCC_THUMB_SUPPORT = NO;
				GCC_VERSION = "";
				GCC_WARN_ABOUT_RETURN_TYPE = YES;
				GCC_WARN_UNDECLARED_SELECTOR = YES;
				GCC_WARN_UNINITIALIZED_AUTOS = YES;
				GCC_WARN_UNUSED_FUNCTION = YES;
				GCC_WARN_UNUSED_VARIABLE = YES;
				ONLY_ACTIVE_ARCH = YES;
				SDKROOT = iphoneos;
				SKIP_INSTALL = NO;
			};
			name = Debug;
		};
		C01FCF5008A954540054247B /* Release */ = {
			isa = XCBuildConfiguration;
			baseConfigurationReference = 3047A5111AB8059700498E2A /* build.xcconfig */;
			buildSettings = {
				CLANG_ENABLE_MODULES = YES;
				CLANG_ENABLE_OBJC_ARC = YES;
				CLANG_WARN_BOOL_CONVERSION = YES;
				CLANG_WARN_CONSTANT_CONVERSION = YES;
				CLANG_WARN_EMPTY_BODY = YES;
				CLANG_WARN_ENUM_CONVERSION = YES;
				CLANG_WARN_INT_CONVERSION = YES;
				CLANG_WARN__DUPLICATE_METHOD_MATCH = YES;
				GCC_C_LANGUAGE_STANDARD = c99;
				GCC_THUMB_SUPPORT = NO;
				GCC_VERSION = "";
				GCC_WARN_ABOUT_RETURN_TYPE = YES;
				GCC_WARN_UNDECLARED_SELECTOR = YES;
				GCC_WARN_UNINITIALIZED_AUTOS = YES;
				GCC_WARN_UNUSED_FUNCTION = YES;
				GCC_WARN_UNUSED_VARIABLE = YES;
				SDKROOT = iphoneos;
				SKIP_INSTALL = NO;
			};
			name = Release;
		};
/* End XCBuildConfiguration section */

/* Begin XCConfigurationList section */
		1D6058960D05DD3E006BFB54 /* Build configuration list for PBXNativeTarget "PluginTest" */ = {
			isa = XCConfigurationList;
			buildConfigurations = (
				1D6058940D05DD3E006BFB54 /* Debug */,
				1D6058950D05DD3E006BFB54 /* Release */,
			);
			defaultConfigurationIsVisible = 0;
			defaultConfigurationName = Release;
		};
		C01FCF4E08A954540054247B /* Build configuration list for PBXProject "PluginTest" */ = {
			isa = XCConfigurationList;
			buildConfigurations = (
				C01FCF4F08A954540054247B /* Debug */,
				C01FCF5008A954540054247B /* Release */,
			);
			defaultConfigurationIsVisible = 0;
			defaultConfigurationName = Release;
		};
/* End XCConfigurationList section */
	};
	rootObject = 29B97313FDCFA39411CA2CEA /* Project object */;
}
